
Microsoft Visual Studio Solution File, Format Version 12.00
# Visual Studio Version 17
VisualStudioVersion = 17.5.33502.453
MinimumVisualStudioVersion = 10.0.40219.1
Project("{9A19103F-16F7-4668-BE54-9A1E7A4F7556}") = "AspNetCore", "AspNetCore.csproj", "{F9FB3483-9D94-4539-83FB-38B1E51D90C0}"
EndProject
Global
	GlobalSection(SolutionConfigurationPlatforms) = preSolution
		Debug|Any CPU = Debug|Any CPU
		Release|Any CPU = Release|Any CPU
	EndGlobalSection
	GlobalSection(ProjectConfigurationPlatforms) = postSolution
		{F9FB3483-9D94-4539-83FB-38B1E51D90C0}.Debug|Any CPU.ActiveCfg = Debug|Any CPU
		{F9FB3483-9D94-4539-83FB-38B1E51D90C0}.Debug|Any CPU.Build.0 = Debug|Any CPU
		{F9FB3483-9D94-4539-83FB-38B1E51D90C0}.Release|Any CPU.ActiveCfg = Release|Any CPU
		{F9FB3483-9D94-4539-83FB-38B1E51D90C0}.Release|Any CPU.Build.0 = Release|Any CPU
	EndGlobalSection
	GlobalSection(SolutionProperties) = preSolution
		HideSolutionNode = FALSE
	EndGlobalSection
	GlobalSection(ExtensibilityGlobals) = postSolution
		SolutionGuid = {ED1DF691-C2E9-4A3B-A32A-34FA7282AC8B}
	EndGlobalSection
EndGlobal
